{
  "name": "image-list-widget-asad",
  "version": "0.0.3",
  "lockfileVersion": 1,
  "requires": true,
  "dependencies": {
    "image-component-asad": {
      "version": "0.0.2",
      "resolved": "https://registry.npmjs.org/image-component-asad/-/image-component-asad-0.0.2.tgz",
      "integrity": "sha512-gcHKto3VeVpeAad/EYRW9hu+BtobBrx5p3gE2myYwFdqp0HzcZ/9dgEKv/gMCfBHADkJqvXuvL1e3ovzDJdTAA==",
      "requires": {
        "tslib": "^2.0.0"
      }
    },
    "tslib": {
      "version": "2.3.1",
      "resolved": "https://registry.npmjs.org/tslib/-/tslib-2.3.1.tgz",
      "integrity": "sha512-77EbyPPpMz+FRFRuAFlWMtmgUWGe9UOG2Z25NqCwiIjRhOf5iKGuzSe5P2w1laq+FkRy4p+PCuVkJSGkzTEKVw=="
    }
  }
}
