{
  "name": "image-list-gallery",
  "version": "0.0.4",
  "lockfileVersion": 1,
  "requires": true,
  "dependencies": {
    "image-component-asad": {
      "version": "0.0.1",
      "resolved": "https://registry.npmjs.org/image-component-asad/-/image-component-asad-0.0.1.tgz",
      "integrity": "sha512-GbFLWfF4HSJJrTDSH/RHQw0ogACPqnVRZR6s0ORpYehogmTcZmKxGB5N3hRSdVBWGVIkY/URdHGtOf186MZ+gQ==",
      "requires": {
        "tslib": "^2.0.0"
      },
      "dependencies": {
        "tslib": {
          "version": "2.3.1",
          "resolved": "https://registry.npmjs.org/tslib/-/tslib-2.3.1.tgz",
          "integrity": "sha512-77EbyPPpMz+FRFRuAFlWMtmgUWGe9UOG2Z25NqCwiIjRhOf5iKGuzSe5P2w1laq+FkRy4p+PCuVkJSGkzTEKVw=="
        }
      }
    },
    "image-list-widget-asad": {
      "version": "0.0.3",
      "resolved": "https://registry.npmjs.org/image-list-widget-asad/-/image-list-widget-asad-0.0.3.tgz",
      "integrity": "sha512-Gu8eYb40Ot1aVl+BMwQsxa6gCrv8xfBbGmjGHuVSCo0ohnmpJBKau0Ovkqiz6Lqq5QombomJx8xgxeUSCJB0yA==",
      "requires": {
        "image-component-asad": "0.0.1",
        "tslib": "^2.0.0"
      }
    },
    "tslib": {
      "version": "2.3.1",
      "resolved": "https://registry.npmjs.org/tslib/-/tslib-2.3.1.tgz",
      "integrity": "sha512-77EbyPPpMz+FRFRuAFlWMtmgUWGe9UOG2Z25NqCwiIjRhOf5iKGuzSe5P2w1laq+FkRy4p+PCuVkJSGkzTEKVw=="
    }
  }
}
